
Microsoft Visual Studio Solution File, Format Version 12.00
# Visual Studio 14
VisualStudioVersion = 14.0.24720.0
MinimumVisualStudioVersion = 10.0.40219.1
Project("{FAE04EC0-301F-11D3-BF4B-00C04F79EFBC}") = "Pixsum.Data", "Pixsum.Data\Pixsum.Data.csproj", "{279D16A9-61CA-477C-AD94-4C355460545E}"
EndProject
Project("{FAE04EC0-301F-11D3-BF4B-00C04F79EFBC}") = "Pixsum.Entities", "Pixsum.Entities\Pixsum.Entities.csproj", "{300DF13B-8587-432F-9351-01B20A74217A}"
EndProject
Project("{FAE04EC0-301F-11D3-BF4B-00C04F79EFBC}") = "Pixsum.Services", "Pixsum.Services\Pixsum.Services.csproj", "{10014906-5DFC-4359-BB0F-C0F93FFA0E1B}"
EndProject
Project("{FAE04EC0-301F-11D3-BF4B-00C04F79EFBC}") = "UnitTest", "UnitTest\UnitTest.csproj", "{EDC692B4-EEAE-43BB-8828-6CD4FDBC5FEB}"
EndProject
Project("{FAE04EC0-301F-11D3-BF4B-00C04F79EFBC}") = "Pixsum.Logic", "Pixsum.Logic\Pixsum.Logic.csproj", "{646DF5DD-F36D-4506-9629-5E38D411C7AB}"
EndProject
Project("{FAE04EC0-301F-11D3-BF4B-00C04F79EFBC}") = "Pixsum.API", "Pixsum.API\Pixsum.API.csproj", "{A037E3F5-1D4B-42C8-B286-6ADCCEF47A4C}"
EndProject
Project("{FAE04EC0-301F-11D3-BF4B-00C04F79EFBC}") = "Pixsum.Models", "Pixsum.Models\Pixsum.Models.csproj", "{AEFA1F6A-EC93-4E95-946D-DBA12B2DE948}"
EndProject
Global
	GlobalSection(SolutionConfigurationPlatforms) = preSolution
		Debug|Any CPU = Debug|Any CPU
		Release|Any CPU = Release|Any CPU
	EndGlobalSection
	GlobalSection(ProjectConfigurationPlatforms) = postSolution
		{279D16A9-61CA-477C-AD94-4C355460545E}.Debug|Any CPU.ActiveCfg = Debug|Any CPU
		{279D16A9-61CA-477C-AD94-4C355460545E}.Debug|Any CPU.Build.0 = Debug|Any CPU
		{279D16A9-61CA-477C-AD94-4C355460545E}.Release|Any CPU.ActiveCfg = Release|Any CPU
		{279D16A9-61CA-477C-AD94-4C355460545E}.Release|Any CPU.Build.0 = Release|Any CPU
		{300DF13B-8587-432F-9351-01B20A74217A}.Debug|Any CPU.ActiveCfg = Debug|Any CPU
		{300DF13B-8587-432F-9351-01B20A74217A}.Debug|Any CPU.Build.0 = Debug|Any CPU
		{300DF13B-8587-432F-9351-01B20A74217A}.Release|Any CPU.ActiveCfg = Release|Any CPU
		{300DF13B-8587-432F-9351-01B20A74217A}.Release|Any CPU.Build.0 = Release|Any CPU
		{10014906-5DFC-4359-BB0F-C0F93FFA0E1B}.Debug|Any CPU.ActiveCfg = Debug|Any CPU
		{10014906-5DFC-4359-BB0F-C0F93FFA0E1B}.Debug|Any CPU.Build.0 = Debug|Any CPU
		{10014906-5DFC-4359-BB0F-C0F93FFA0E1B}.Release|Any CPU.ActiveCfg = Release|Any CPU
		{10014906-5DFC-4359-BB0F-C0F93FFA0E1B}.Release|Any CPU.Build.0 = Release|Any CPU
		{EDC692B4-EEAE-43BB-8828-6CD4FDBC5FEB}.Debug|Any CPU.ActiveCfg = Debug|Any CPU
		{EDC692B4-EEAE-43BB-8828-6CD4FDBC5FEB}.Debug|Any CPU.Build.0 = Debug|Any CPU
		{EDC692B4-EEAE-43BB-8828-6CD4FDBC5FEB}.Release|Any CPU.ActiveCfg = Release|Any CPU
		{EDC692B4-EEAE-43BB-8828-6CD4FDBC5FEB}.Release|Any CPU.Build.0 = Release|Any CPU
		{646DF5DD-F36D-4506-9629-5E38D411C7AB}.Debug|Any CPU.ActiveCfg = Debug|Any CPU
		{646DF5DD-F36D-4506-9629-5E38D411C7AB}.Debug|Any CPU.Build.0 = Debug|Any CPU
		{646DF5DD-F36D-4506-9629-5E38D411C7AB}.Release|Any CPU.ActiveCfg = Release|Any CPU
		{646DF5DD-F36D-4506-9629-5E38D411C7AB}.Release|Any CPU.Build.0 = Release|Any CPU
		{A037E3F5-1D4B-42C8-B286-6ADCCEF47A4C}.Debug|Any CPU.ActiveCfg = Debug|Any CPU
		{A037E3F5-1D4B-42C8-B286-6ADCCEF47A4C}.Debug|Any CPU.Build.0 = Debug|Any CPU
		{A037E3F5-1D4B-42C8-B286-6ADCCEF47A4C}.Release|Any CPU.ActiveCfg = Release|Any CPU
		{A037E3F5-1D4B-42C8-B286-6ADCCEF47A4C}.Release|Any CPU.Build.0 = Release|Any CPU
		{AEFA1F6A-EC93-4E95-946D-DBA12B2DE948}.Debug|Any CPU.ActiveCfg = Debug|Any CPU
		{AEFA1F6A-EC93-4E95-946D-DBA12B2DE948}.Debug|Any CPU.Build.0 = Debug|Any CPU
		{AEFA1F6A-EC93-4E95-946D-DBA12B2DE948}.Release|Any CPU.ActiveCfg = Release|Any CPU
		{AEFA1F6A-EC93-4E95-946D-DBA12B2DE948}.Release|Any CPU.Build.0 = Release|Any CPU
	EndGlobalSection
	GlobalSection(SolutionProperties) = preSolution
		HideSolutionNode = FALSE
	EndGlobalSection
EndGlobal
